
Microsoft Visual Studio Solution File, Format Version 12.00
# Visual Studio Version 17
VisualStudioVersion = 17.4.33110.190
MinimumVisualStudioVersion = 10.0.40219.1
Project("{E53339B2-1760-4266-BCC7-CA923CBCF16C}") = "docker-compose", "docker-compose.dcproj", "{C1E9F035-9C89-46F0-979C-95DACA03B46B}"
EndProject
Project("{9A19103F-16F7-4668-BE54-9A1E7A4F7556}") = "TagsWebApi", "TagsWebApi\TagsWebApi.csproj", "{8D4BE113-B867-4F7E-BC6D-86B45B83EC32}"
EndProject
Project("{9A19103F-16F7-4668-BE54-9A1E7A4F7556}") = "GqlGateway", "GqlGateway\GqlGateway.csproj", "{97C30021-E903-49E6-98E6-77380348CC03}"
EndProject
Global
	GlobalSection(SolutionConfigurationPlatforms) = preSolution
		Debug|Any CPU = Debug|Any CPU
		Release|Any CPU = Release|Any CPU
	EndGlobalSection
	GlobalSection(ProjectConfigurationPlatforms) = postSolution
		{C1E9F035-9C89-46F0-979C-95DACA03B46B}.Debug|Any CPU.ActiveCfg = Debug|Any CPU
		{C1E9F035-9C89-46F0-979C-95DACA03B46B}.Debug|Any CPU.Build.0 = Debug|Any CPU
		{C1E9F035-9C89-46F0-979C-95DACA03B46B}.Release|Any CPU.ActiveCfg = Release|Any CPU
		{C1E9F035-9C89-46F0-979C-95DACA03B46B}.Release|Any CPU.Build.0 = Release|Any CPU
		{8D4BE113-B867-4F7E-BC6D-86B45B83EC32}.Debug|Any CPU.ActiveCfg = Debug|Any CPU
		{8D4BE113-B867-4F7E-BC6D-86B45B83EC32}.Debug|Any CPU.Build.0 = Debug|Any CPU
		{8D4BE113-B867-4F7E-BC6D-86B45B83EC32}.Release|Any CPU.ActiveCfg = Release|Any CPU
		{8D4BE113-B867-4F7E-BC6D-86B45B83EC32}.Release|Any CPU.Build.0 = Release|Any CPU
		{97C30021-E903-49E6-98E6-77380348CC03}.Debug|Any CPU.ActiveCfg = Debug|Any CPU
		{97C30021-E903-49E6-98E6-77380348CC03}.Debug|Any CPU.Build.0 = Debug|Any CPU
		{97C30021-E903-49E6-98E6-77380348CC03}.Release|Any CPU.ActiveCfg = Release|Any CPU
		{97C30021-E903-49E6-98E6-77380348CC03}.Release|Any CPU.Build.0 = Release|Any CPU
	EndGlobalSection
	GlobalSection(SolutionProperties) = preSolution
		HideSolutionNode = FALSE
	EndGlobalSection
	GlobalSection(ExtensibilityGlobals) = postSolution
		SolutionGuid = {EA034495-E8F9-43FB-B1B8-5BE1531FDE0A}
	EndGlobalSection
EndGlobal
