
Microsoft Visual Studio Solution File, Format Version 12.00
# Visual Studio Version 17
VisualStudioVersion = 17.0.31903.59
MinimumVisualStudioVersion = 10.0.40219.1
Project("{FAE04EC0-301F-11D3-BF4B-00C04F79EFBC}") = "gateway", "src\gateway\gateway.csproj", "{D0AFDD07-531C-4F18-AFD3-3755F2170437}"
EndProject
Project("{FAE04EC0-301F-11D3-BF4B-00C04F79EFBC}") = "account", "src\account\account.csproj", "{AFED6073-4602-499E-B0F1-CE7E8BD70456}"
EndProject
Project("{FAE04EC0-301F-11D3-BF4B-00C04F79EFBC}") = "product", "src\product\product.csproj", "{2A215FF2-F5D1-4774-8E02-7617EF9C192D}"
EndProject
Global
	GlobalSection(SolutionConfigurationPlatforms) = preSolution
		Debug|Any CPU = Debug|Any CPU
		Release|Any CPU = Release|Any CPU
	EndGlobalSection
	GlobalSection(ProjectConfigurationPlatforms) = postSolution
		{D0AFDD07-531C-4F18-AFD3-3755F2170437}.Debug|Any CPU.ActiveCfg = Debug|Any CPU
		{D0AFDD07-531C-4F18-AFD3-3755F2170437}.Debug|Any CPU.Build.0 = Debug|Any CPU
		{D0AFDD07-531C-4F18-AFD3-3755F2170437}.Release|Any CPU.ActiveCfg = Release|Any CPU
		{D0AFDD07-531C-4F18-AFD3-3755F2170437}.Release|Any CPU.Build.0 = Release|Any CPU
		{AFED6073-4602-499E-B0F1-CE7E8BD70456}.Debug|Any CPU.ActiveCfg = Debug|Any CPU
		{AFED6073-4602-499E-B0F1-CE7E8BD70456}.Debug|Any CPU.Build.0 = Debug|Any CPU
		{AFED6073-4602-499E-B0F1-CE7E8BD70456}.Release|Any CPU.ActiveCfg = Release|Any CPU
		{AFED6073-4602-499E-B0F1-CE7E8BD70456}.Release|Any CPU.Build.0 = Release|Any CPU
		{2A215FF2-F5D1-4774-8E02-7617EF9C192D}.Debug|Any CPU.ActiveCfg = Debug|Any CPU
		{2A215FF2-F5D1-4774-8E02-7617EF9C192D}.Debug|Any CPU.Build.0 = Debug|Any CPU
		{2A215FF2-F5D1-4774-8E02-7617EF9C192D}.Release|Any CPU.ActiveCfg = Release|Any CPU
		{2A215FF2-F5D1-4774-8E02-7617EF9C192D}.Release|Any CPU.Build.0 = Release|Any CPU
	EndGlobalSection
	GlobalSection(SolutionProperties) = preSolution
		HideSolutionNode = FALSE
	EndGlobalSection
	GlobalSection(ExtensibilityGlobals) = postSolution
		SolutionGuid = {7403546F-4222-4C54-A2A7-01AE835E56D5}
	EndGlobalSection
EndGlobal
