
Microsoft Visual Studio Solution File, Format Version 12.00
# Visual Studio Version 17
VisualStudioVersion = 17.4.33110.190
MinimumVisualStudioVersion = 10.0.40219.1
Project("{9A19103F-16F7-4668-BE54-9A1E7A4F7556}") = "TagsWebApi", "src\TagsWebApi\TagsWebApi.csproj", "{99126095-AF66-4D43-8173-DC85BD942797}"
EndProject
Project("{9A19103F-16F7-4668-BE54-9A1E7A4F7556}") = "GqlGateway", "src\GqlGateway\GqlGateway.csproj", "{1CE40B98-7087-4FC3-8E04-D4CE39776091}"
EndProject
Project("{E53339B2-1760-4266-BCC7-CA923CBCF16C}") = "docker-compose", "docker-compose.dcproj", "{C1E9F035-9C89-46F0-979C-95DACA03B46B}"
EndProject
Project("{2150E333-8FDC-42A3-9474-1A3956D46DE8}") = "node", "node", "{C52F6314-1130-4149-8260-1047F168A4EB}"
	ProjectSection(SolutionItems) = preProject
		src\Neo4jGql\.env = src\Neo4jGql\.env
		src\Neo4jGql\Dockerfile = src\Neo4jGql\Dockerfile
		src\Neo4jGql\gql.md = src\Neo4jGql\gql.md
		src\Neo4jGql\index.js = src\Neo4jGql\index.js
		src\Neo4jGql\package-lock.json = src\Neo4jGql\package-lock.json
		src\Neo4jGql\package.json = src\Neo4jGql\package.json
	EndProjectSection
EndProject
Global
	GlobalSection(SolutionConfigurationPlatforms) = preSolution
		Debug|Any CPU = Debug|Any CPU
		Release|Any CPU = Release|Any CPU
	EndGlobalSection
	GlobalSection(ProjectConfigurationPlatforms) = postSolution
		{99126095-AF66-4D43-8173-DC85BD942797}.Debug|Any CPU.ActiveCfg = Debug|Any CPU
		{99126095-AF66-4D43-8173-DC85BD942797}.Debug|Any CPU.Build.0 = Debug|Any CPU
		{99126095-AF66-4D43-8173-DC85BD942797}.Release|Any CPU.ActiveCfg = Release|Any CPU
		{99126095-AF66-4D43-8173-DC85BD942797}.Release|Any CPU.Build.0 = Release|Any CPU
		{1CE40B98-7087-4FC3-8E04-D4CE39776091}.Debug|Any CPU.ActiveCfg = Debug|Any CPU
		{1CE40B98-7087-4FC3-8E04-D4CE39776091}.Debug|Any CPU.Build.0 = Debug|Any CPU
		{1CE40B98-7087-4FC3-8E04-D4CE39776091}.Release|Any CPU.ActiveCfg = Release|Any CPU
		{1CE40B98-7087-4FC3-8E04-D4CE39776091}.Release|Any CPU.Build.0 = Release|Any CPU
		{C1E9F035-9C89-46F0-979C-95DACA03B46B}.Debug|Any CPU.ActiveCfg = Debug|Any CPU
		{C1E9F035-9C89-46F0-979C-95DACA03B46B}.Debug|Any CPU.Build.0 = Debug|Any CPU
		{C1E9F035-9C89-46F0-979C-95DACA03B46B}.Release|Any CPU.ActiveCfg = Release|Any CPU
		{C1E9F035-9C89-46F0-979C-95DACA03B46B}.Release|Any CPU.Build.0 = Release|Any CPU
	EndGlobalSection
	GlobalSection(SolutionProperties) = preSolution
		HideSolutionNode = FALSE
	EndGlobalSection
	GlobalSection(ExtensibilityGlobals) = postSolution
		SolutionGuid = {EA034495-E8F9-43FB-B1B8-5BE1531FDE0A}
	EndGlobalSection
EndGlobal
