
Microsoft Visual Studio Solution File, Format Version 12.00
# Visual Studio Version 17
VisualStudioVersion = 17.4.33110.190
MinimumVisualStudioVersion = 10.0.40219.1
Project("{9A19103F-16F7-4668-BE54-9A1E7A4F7556}") = "GqlGateway", "src\GqlGateway\GqlGateway.csproj", "{1CE40B98-7087-4FC3-8E04-D4CE39776091}"
EndProject
Global
	GlobalSection(SolutionConfigurationPlatforms) = preSolution
		Debug|Any CPU = Debug|Any CPU
		Release|Any CPU = Release|Any CPU
	EndGlobalSection
	GlobalSection(ProjectConfigurationPlatforms) = postSolution
		{1CE40B98-7087-4FC3-8E04-D4CE39776091}.Debug|Any CPU.ActiveCfg = Debug|Any CPU
		{1CE40B98-7087-4FC3-8E04-D4CE39776091}.Debug|Any CPU.Build.0 = Debug|Any CPU
		{1CE40B98-7087-4FC3-8E04-D4CE39776091}.Release|Any CPU.ActiveCfg = Release|Any CPU
		{1CE40B98-7087-4FC3-8E04-D4CE39776091}.Release|Any CPU.Build.0 = Release|Any CPU
	EndGlobalSection
	GlobalSection(SolutionProperties) = preSolution
		HideSolutionNode = FALSE
	EndGlobalSection
	GlobalSection(ExtensibilityGlobals) = postSolution
		SolutionGuid = {EA034495-E8F9-43FB-B1B8-5BE1531FDE0A}
	EndGlobalSection
EndGlobal
